
Microsoft Visual Studio Solution File, Format Version 12.00
# Visual Studio 15
VisualStudioVersion = 15.0.27428.2037
MinimumVisualStudioVersion = 10.0.40219.1
Project("{FAE04EC0-301F-11D3-BF4B-00C04F79EFBC}") = "TwistedTiara.Web", "TwistedTiara.Web\TwistedTiara.Web.csproj", "{B863319A-C584-4C23-9737-67ED91FDFA6B}"
EndProject
Global
	GlobalSection(SolutionConfigurationPlatforms) = preSolution
		Debug|Any CPU = Debug|Any CPU
		Release|Any CPU = Release|Any CPU
	EndGlobalSection
	GlobalSection(ProjectConfigurationPlatforms) = postSolution
		{B863319A-C584-4C23-9737-67ED91FDFA6B}.Debug|Any CPU.ActiveCfg = Debug|Any CPU
		{B863319A-C584-4C23-9737-67ED91FDFA6B}.Debug|Any CPU.Build.0 = Debug|Any CPU
		{B863319A-C584-4C23-9737-67ED91FDFA6B}.Release|Any CPU.ActiveCfg = Release|Any CPU
		{B863319A-C584-4C23-9737-67ED91FDFA6B}.Release|Any CPU.Build.0 = Release|Any CPU
	EndGlobalSection
	GlobalSection(SolutionProperties) = preSolution
		HideSolutionNode = FALSE
	EndGlobalSection
	GlobalSection(ExtensibilityGlobals) = postSolution
		SolutionGuid = {1F540307-6215-47E1-8CD7-1C27ED36AB19}
	EndGlobalSection
EndGlobal
